
Microsoft Visual Studio Solution File, Format Version 12.00
# Visual Studio Version 17
VisualStudioVersion = 17.4.33213.308
MinimumVisualStudioVersion = 10.0.40219.1
Project("{FAE04EC0-301F-11D3-BF4B-00C04F79EFBC}") = "issuespot_backend", "issuespot_backend\issuespot_backend.csproj", "{BAF9C29C-B644-4B6A-A21E-96CB30F69AFC}"
EndProject
Global
	GlobalSection(SolutionConfigurationPlatforms) = preSolution
		Debug|Any CPU = Debug|Any CPU
		Release|Any CPU = Release|Any CPU
	EndGlobalSection
	GlobalSection(ProjectConfigurationPlatforms) = postSolution
		{BAF9C29C-B644-4B6A-A21E-96CB30F69AFC}.Debug|Any CPU.ActiveCfg = Debug|Any CPU
		{BAF9C29C-B644-4B6A-A21E-96CB30F69AFC}.Debug|Any CPU.Build.0 = Debug|Any CPU
		{BAF9C29C-B644-4B6A-A21E-96CB30F69AFC}.Release|Any CPU.ActiveCfg = Release|Any CPU
		{BAF9C29C-B644-4B6A-A21E-96CB30F69AFC}.Release|Any CPU.Build.0 = Release|Any CPU
	EndGlobalSection
	GlobalSection(SolutionProperties) = preSolution
		HideSolutionNode = FALSE
	EndGlobalSection
	GlobalSection(ExtensibilityGlobals) = postSolution
		SolutionGuid = {3F5F80C6-5C77-4CF4-9DED-8447B96F65F8}
	EndGlobalSection
EndGlobal
